
Microsoft Visual Studio Solution File, Format Version 12.00
# Visual Studio Version 17
VisualStudioVersion = 17.5.33627.172
MinimumVisualStudioVersion = 10.0.40219.1
Project("{FAE04EC0-301F-11D3-BF4B-00C04F79EFBC}") = "PizzaPlace_", "PizzaPlace_.csproj", "{74C3D881-E079-4A77-AA64-565A29F2B832}"
EndProject
Global
	GlobalSection(SolutionConfigurationPlatforms) = preSolution
		Debug|Any CPU = Debug|Any CPU
		Release|Any CPU = Release|Any CPU
	EndGlobalSection
	GlobalSection(ProjectConfigurationPlatforms) = postSolution
		{74C3D881-E079-4A77-AA64-565A29F2B832}.Debug|Any CPU.ActiveCfg = Debug|Any CPU
		{74C3D881-E079-4A77-AA64-565A29F2B832}.Debug|Any CPU.Build.0 = Debug|Any CPU
		{74C3D881-E079-4A77-AA64-565A29F2B832}.Release|Any CPU.ActiveCfg = Release|Any CPU
		{74C3D881-E079-4A77-AA64-565A29F2B832}.Release|Any CPU.Build.0 = Release|Any CPU
	EndGlobalSection
	GlobalSection(SolutionProperties) = preSolution
		HideSolutionNode = FALSE
	EndGlobalSection
	GlobalSection(ExtensibilityGlobals) = postSolution
		SolutionGuid = {F820D5DB-5DAC-48C9-8FBA-C4FCE2DC74DC}
	EndGlobalSection
EndGlobal
